
Microsoft Visual Studio Solution File, Format Version 12.00
# Visual Studio Version 17
VisualStudioVersion = 17.3.32901.215
MinimumVisualStudioVersion = 10.0.40219.1
Project("{9A19103F-16F7-4668-BE54-9A1E7A4F7556}") = "FlatFloorHouse", "FlatFloorHouse\FlatFloorHouse.csproj", "{FEF785C8-4587-4F04-8A8E-5662B657B2D1}"
EndProject
Project("{FAE04EC0-301F-11D3-BF4B-00C04F79EFBC}") = "Building", "Building\Building.csproj", "{B685EC3B-3DF7-4B91-A093-18E6015027CB}"
EndProject
Global
	GlobalSection(SolutionConfigurationPlatforms) = preSolution
		Debug|Any CPU = Debug|Any CPU
		Release|Any CPU = Release|Any CPU
	EndGlobalSection
	GlobalSection(ProjectConfigurationPlatforms) = postSolution
		{FEF785C8-4587-4F04-8A8E-5662B657B2D1}.Debug|Any CPU.ActiveCfg = Debug|Any CPU
		{FEF785C8-4587-4F04-8A8E-5662B657B2D1}.Debug|Any CPU.Build.0 = Debug|Any CPU
		{FEF785C8-4587-4F04-8A8E-5662B657B2D1}.Release|Any CPU.ActiveCfg = Release|Any CPU
		{FEF785C8-4587-4F04-8A8E-5662B657B2D1}.Release|Any CPU.Build.0 = Release|Any CPU
		{B685EC3B-3DF7-4B91-A093-18E6015027CB}.Debug|Any CPU.ActiveCfg = Debug|Any CPU
		{B685EC3B-3DF7-4B91-A093-18E6015027CB}.Debug|Any CPU.Build.0 = Debug|Any CPU
		{B685EC3B-3DF7-4B91-A093-18E6015027CB}.Release|Any CPU.ActiveCfg = Release|Any CPU
		{B685EC3B-3DF7-4B91-A093-18E6015027CB}.Release|Any CPU.Build.0 = Release|Any CPU
	EndGlobalSection
	GlobalSection(SolutionProperties) = preSolution
		HideSolutionNode = FALSE
	EndGlobalSection
	GlobalSection(ExtensibilityGlobals) = postSolution
		SolutionGuid = {DF0F090F-252D-49A3-9EC8-39495E0F28FE}
	EndGlobalSection
EndGlobal
